{
    "name": "@codewithdan/observable-store",
    "version": "1.0.16",
    "lockfileVersion": 1,
    "requires": true,
    "dependencies": {
        "rxjs": {
            "version": "6.4.0",
            "resolved": "https://registry.npmjs.org/rxjs/-/rxjs-6.4.0.tgz",
            "integrity": "sha512-Z9Yfa11F6B9Sg/BK9MnqnQ+aQYicPLtilXBp2yUtDt2JRCE0h26d33EnfO3ZxoNxG0T92OUucP3Ct7cpfkdFfw==",
            "requires": {
                "tslib": "^1.9.0"
            }
        },
        "tslib": {
            "version": "1.9.3",
            "resolved": "https://registry.npmjs.org/tslib/-/tslib-1.9.3.tgz",
            "integrity": "sha512-4krF8scpejhaOgqzBEcGM7yDIEfi0/8+8zDRZhNZZ2kjmHJ4hv3zCbQWxoJGz1iw5U0Jl0nma13xzHXcncMavQ=="
        },
        "typescript": {
            "version": "3.2.2",
            "resolved": "https://registry.npmjs.org/typescript/-/typescript-3.2.2.tgz",
            "integrity": "sha512-VCj5UiSyHBjwfYacmDuc/NOk4QQixbE+Wn7MFJuS0nRuPQbof132Pw4u53dm264O8LPc2MVsc7RJNml5szurkg==",
            "dev": true
        }
    }
}
