{
  "name": "@codewithdan/observable-store-extensions",
  "version": "2.2.9",
  "lockfileVersion": 2,
  "requires": true,
  "packages": {
    "": {
      "name": "@codewithdan/observable-store-extensions",
      "version": "2.2.9",
      "license": "MIT",
      "devDependencies": {
        "rxjs": "^7.2.0",
        "typescript": "3.6.4"
      },
      "peerDependencies": {
        "@codewithdan/observable-store": ">=2.2.11",
        "rxjs": ">=6.4.0 <8"
      }
    },
    "node_modules/@codewithdan/observable-store": {
      "version": "2.2.12",
      "resolved": "https://registry.npmjs.org/@codewithdan/observable-store/-/observable-store-2.2.12.tgz",
      "integrity": "sha512-xCdM25Zc2d1MbgebDqnpehcYHU6P5pJEFhPFBXExF7q8J3rU5eMeTMax/Y4W2f/vHzZ4zqJAnFg81xc2w4gMPQ==",
      "peer": true,
      "peerDependencies": {
        "rxjs": ">=6.4.0 <8"
      }
    },
    "node_modules/rxjs": {
      "version": "7.2.0",
      "resolved": "https://registry.npmjs.org/rxjs/-/rxjs-7.2.0.tgz",
      "integrity": "sha512-aX8w9OpKrQmiPKfT1bqETtUr9JygIz6GZ+gql8v7CijClsP0laoFUdKzxFAoWuRdSlOdU2+crss+cMf+cqMTnw==",
      "dependencies": {
        "tslib": "~2.1.0"
      }
    },
    "node_modules/tslib": {
      "version": "2.1.0",
      "resolved": "https://registry.npmjs.org/tslib/-/tslib-2.1.0.tgz",
      "integrity": "sha512-hcVC3wYEziELGGmEEXue7D75zbwIIVUMWAVbHItGPx0ziyXxrOMQx4rQEVEV45Ut/1IotuEvwqPopzIOkDMf0A=="
    },
    "node_modules/typescript": {
      "version": "3.6.4",
      "resolved": "https://registry.npmjs.org/typescript/-/typescript-3.6.4.tgz",
      "integrity": "sha512-unoCll1+l+YK4i4F8f22TaNVPRHcD9PA3yCuZ8g5e0qGqlVlJ/8FSateOLLSagn+Yg5+ZwuPkL8LFUc0Jcvksg==",
      "dev": true,
      "bin": {
        "tsc": "bin/tsc",
        "tsserver": "bin/tsserver"
      },
      "engines": {
        "node": ">=4.2.0"
      }
    }
  },
  "dependencies": {
    "@codewithdan/observable-store": {
      "version": "2.2.12",
      "resolved": "https://registry.npmjs.org/@codewithdan/observable-store/-/observable-store-2.2.12.tgz",
      "integrity": "sha512-xCdM25Zc2d1MbgebDqnpehcYHU6P5pJEFhPFBXExF7q8J3rU5eMeTMax/Y4W2f/vHzZ4zqJAnFg81xc2w4gMPQ==",
      "peer": true,
      "requires": {}
    },
    "rxjs": {
      "version": "7.2.0",
      "resolved": "https://registry.npmjs.org/rxjs/-/rxjs-7.2.0.tgz",
      "integrity": "sha512-aX8w9OpKrQmiPKfT1bqETtUr9JygIz6GZ+gql8v7CijClsP0laoFUdKzxFAoWuRdSlOdU2+crss+cMf+cqMTnw==",
      "requires": {
        "tslib": "~2.1.0"
      }
    },
    "tslib": {
      "version": "2.1.0",
      "resolved": "https://registry.npmjs.org/tslib/-/tslib-2.1.0.tgz",
      "integrity": "sha512-hcVC3wYEziELGGmEEXue7D75zbwIIVUMWAVbHItGPx0ziyXxrOMQx4rQEVEV45Ut/1IotuEvwqPopzIOkDMf0A=="
    },
    "typescript": {
      "version": "3.6.4",
      "resolved": "https://registry.npmjs.org/typescript/-/typescript-3.6.4.tgz",
      "integrity": "sha512-unoCll1+l+YK4i4F8f22TaNVPRHcD9PA3yCuZ8g5e0qGqlVlJ/8FSateOLLSagn+Yg5+ZwuPkL8LFUc0Jcvksg==",
      "dev": true
    }
  }
}
